<?xml version="1.0" encoding="utf-8"?>
<Project ToolsVersion="4.0" xmlns="http://schemas.microsoft.com/developer/msbuild/2003">
  <ItemGroup>
    <Filter Include="Source Files">
      <UniqueIdentifier>{4FC737F1-C7A5-4376-A066-2A32D752A2FF}</UniqueIdentifier>
      <Extensions>cpp;c;cc;cxx;c++;cppm;ixx;def;odl;idl;hpj;bat;asm;asmx</Extensions>
    </Filter>
    <Filter Include="Header Files">
      <UniqueIdentifier>{93995380-89BD-4b04-88EB-625FBE52EBFB}</UniqueIdentifier>
      <Extensions>h;hh;hpp;hxx;h++;hm;inl;inc;ipp;xsd</Extensions>
    </Filter>
    <Filter Include="Resource Files">
      <UniqueIdentifier>{67DA6AB6-F800-4c08-8B7A-83BB121AAD01}</UniqueIdentifier>
      <Extensions>rc;ico;cur;bmp;dlg;rc2;rct;bin;rgs;gif;jpg;jpeg;jpe;resx;tiff;tif;png;wav;mfcribbon-ms</Extensions>
    </Filter>
    <Filter Include="Source Files\Json">
      <UniqueIdentifier>{0bee16f5-37e3-4d34-a99f-d4387c645ff7}</UniqueIdentifier>
    </Filter>
    <Filter Include="Header Files\Json">
      <UniqueIdentifier>{77daef27-b318-4a34-bb3d-5d6f2aed23ab}</UniqueIdentifier>
    </Filter>
    <Filter Include="Resource Files\Json">
      <UniqueIdentifier>{0cedc64b-999a-4ac2-8a4e-6d54598a144b}</UniqueIdentifier>
    </Filter>
    <Filter Include="Resource Files\Characters">
      <UniqueIdentifier>{a4186f25-5dff-4d64-98bf-bb0d5ba54b63}</UniqueIdentifier>
    </Filter>
  </ItemGroup>
  <ItemGroup>
    <ClCompile Include="Source\Source.cpp">
      <Filter>Source Files</Filter>
    </ClCompile>
    <ClCompile Include="Source\Graphics.cpp">
      <Filter>Source Files</Filter>
    </ClCompile>
    <ClCompile Include="Source\Input.cpp">
      <Filter>Source Files</Filter>
    </ClCompile>
    <ClCompile Include="Source\Game.cpp">
      <Filter>Source Files</Filter>
    </ClCompile>
    <ClCompile Include="Source\jsoncpp.cpp">
      <Filter>Source Files\Json</Filter>
    </ClCompile>
    <ClCompile Include="Source\SaveSystem.cpp">
      <Filter>Source Files</Filter>
    </ClCompile>
    <ClCompile Include="Source\Combat.cpp">
      <Filter>Source Files</Filter>
    </ClCompile>
    <ClCompile Include="Source\DebugBuilder.cpp">
      <Filter>Source Files</Filter>
    </ClCompile>
    <ClCompile Include="Source\Dialogue.cpp">
      <Filter>Source Files</Filter>
    </ClCompile>
    <ClCompile Include="Source\Level.cpp">
      <Filter>Source Files</Filter>
    </ClCompile>
  </ItemGroup>
  <ItemGroup>
    <Text Include="Resources\Sprites\UI\Title.txt">
      <Filter>Resource Files</Filter>
    </Text>
    <Text Include="Resources\Sprites\StoryNotes.txt">
      <Filter>Resource Files</Filter>
    </Text>
    <Text Include="Resources\Sprites\TitleBG.txt">
      <Filter>Resource Files</Filter>
    </Text>
    <Text Include="Resources\Sprites\UI\Credits.txt">
      <Filter>Resource Files</Filter>
    </Text>
    <Text Include="Resources\Sprites\UI\Mountain.txt">
      <Filter>Resource Files</Filter>
    </Text>
    <Text Include="Resources\Sprites\Characters - Copy.txt">
      <Filter>Resource Files</Filter>
    </Text>
    <Text Include="Resources\Sprites\ArcherCard.txt">
      <Filter>Resource Files\Characters</Filter>
    </Text>
    <Text Include="Resources\Sprites\WarriorCard.txt">
      <Filter>Resource Files\Characters</Filter>
    </Text>
    <Text Include="Resources\Sprites\WizardCard.txt">
      <Filter>Resource Files\Characters</Filter>
    </Text>
    <Text Include="Resources\Sprites\Portraits\Map.txt" />
    <Text Include="Resources\Sprites\Portraits\Template.txt" />
  </ItemGroup>
  <ItemGroup>
    <ClInclude Include="Headers\Graphics.h">
      <Filter>Header Files</Filter>
    </ClInclude>
    <ClInclude Include="Headers\Input.h">
      <Filter>Header Files</Filter>
    </ClInclude>
    <ClInclude Include="Headers\Game.h">
      <Filter>Header Files</Filter>
    </ClInclude>
    <ClInclude Include="Headers\Json\json.h">
      <Filter>Header Files\Json</Filter>
    </ClInclude>
    <ClInclude Include="Headers\Json\json-forwards.h">
      <Filter>Header Files\Json</Filter>
    </ClInclude>
    <ClInclude Include="Headers\SaveSystem.h">
      <Filter>Header Files</Filter>
    </ClInclude>
    <ClInclude Include="Headers\Combat.h">
      <Filter>Header Files</Filter>
    </ClInclude>
    <ClInclude Include="Headers\ResourcePath.h">
      <Filter>Header Files</Filter>
    </ClInclude>
    <ClInclude Include="Headers\DebugBuilder.h">
      <Filter>Header Files</Filter>
    </ClInclude>
    <ClInclude Include="Headers\Dialogue.h">
      <Filter>Header Files</Filter>
    </ClInclude>
    <ClInclude Include="Headers\Level.h">
      <Filter>Header Files</Filter>
    </ClInclude>
  </ItemGroup>
</Project>